
Microsoft Visual Studio Solution File, Format Version 12.00
# Visual Studio Version 17
VisualStudioVersion = 17.3.32929.385
MinimumVisualStudioVersion = 10.0.40219.1
Project("{9A19103F-16F7-4668-BE54-9A1E7A4F7556}") = "Sinch", "Sinch.csproj", "{BE1CE337-F20D-4F8F-A978-BDD25412BC53}"
EndProject
Project("{9A19103F-16F7-4668-BE54-9A1E7A4F7556}") = "Sinch.Encoding", "Sinch.Encoding\Sinch.Encoding.csproj", "{CA4CD14E-3E31-49F3-B792-8C784237B777}"
EndProject
Project("{9A19103F-16F7-4668-BE54-9A1E7A4F7556}") = "Sinch.Encoding.Tests", "Sinch.Encoding.Tests\Sinch.Encoding.Tests.csproj", "{9C157AA4-E9B9-45FD-9F97-00D6EE738891}"
EndProject
Global
	GlobalSection(SolutionConfigurationPlatforms) = preSolution
		Debug|Any CPU = Debug|Any CPU
		Release|Any CPU = Release|Any CPU
	EndGlobalSection
	GlobalSection(ProjectConfigurationPlatforms) = postSolution
		{BE1CE337-F20D-4F8F-A978-BDD25412BC53}.Debug|Any CPU.ActiveCfg = Debug|Any CPU
		{BE1CE337-F20D-4F8F-A978-BDD25412BC53}.Debug|Any CPU.Build.0 = Debug|Any CPU
		{BE1CE337-F20D-4F8F-A978-BDD25412BC53}.Release|Any CPU.ActiveCfg = Release|Any CPU
		{BE1CE337-F20D-4F8F-A978-BDD25412BC53}.Release|Any CPU.Build.0 = Release|Any CPU
		{CA4CD14E-3E31-49F3-B792-8C784237B777}.Debug|Any CPU.ActiveCfg = Debug|Any CPU
		{CA4CD14E-3E31-49F3-B792-8C784237B777}.Debug|Any CPU.Build.0 = Debug|Any CPU
		{CA4CD14E-3E31-49F3-B792-8C784237B777}.Release|Any CPU.ActiveCfg = Release|Any CPU
		{CA4CD14E-3E31-49F3-B792-8C784237B777}.Release|Any CPU.Build.0 = Release|Any CPU
		{9C157AA4-E9B9-45FD-9F97-00D6EE738891}.Debug|Any CPU.ActiveCfg = Debug|Any CPU
		{9C157AA4-E9B9-45FD-9F97-00D6EE738891}.Debug|Any CPU.Build.0 = Debug|Any CPU
		{9C157AA4-E9B9-45FD-9F97-00D6EE738891}.Release|Any CPU.ActiveCfg = Release|Any CPU
		{9C157AA4-E9B9-45FD-9F97-00D6EE738891}.Release|Any CPU.Build.0 = Release|Any CPU
	EndGlobalSection
	GlobalSection(SolutionProperties) = preSolution
		HideSolutionNode = FALSE
	EndGlobalSection
	GlobalSection(ExtensibilityGlobals) = postSolution
		SolutionGuid = {5A7D4B81-EF98-4642-92C5-B0C0A994676E}
	EndGlobalSection
EndGlobal
